// !$*UTF8*$!
{
	archiveVersion = 1;
	classes = {
	};
	objectVersion = 56;
	objects = {

/* Begin PBXBuildFile section */
		5587035B294795B8008B1B77 /* ColorizedAppSwiftUIApp.swift in Sources */ = {isa = PBXBuildFile; fileRef = 5587035A294795B8008B1B77 /* ColorizedAppSwiftUIApp.swift */; };
		5587035D294795B8008B1B77 /* ColorizedView.swift in Sources */ = {isa = PBXBuildFile; fileRef = 5587035C294795B8008B1B77 /* ColorizedView.swift */; };
		5587035F294795BC008B1B77 /* Assets.xcassets in Resources */ = {isa = PBXBuildFile; fileRef = 5587035E294795BC008B1B77 /* Assets.xcassets */; };
		55870362294795BC008B1B77 /* Preview Assets.xcassets in Resources */ = {isa = PBXBuildFile; fileRef = 55870361294795BC008B1B77 /* Preview Assets.xcassets */; };
		5587036929479638008B1B77 /* SliderView.swift in Sources */ = {isa = PBXBuildFile; fileRef = 5587036829479638008B1B77 /* SliderView.swift */; };
		5587036B29479F00008B1B77 /* TextValueView.swift in Sources */ = {isa = PBXBuildFile; fileRef = 5587036A29479F00008B1B77 /* TextValueView.swift */; };
		5587036D2947A02A008B1B77 /* TextFieldView.swift in Sources */ = {isa = PBXBuildFile; fileRef = 5587036C2947A02A008B1B77 /* TextFieldView.swift */; };
		5587036F29487CE6008B1B77 /* ColorView.swift in Sources */ = {isa = PBXBuildFile; fileRef = 5587036E29487CE6008B1B77 /* ColorView.swift */; };
		55870371294881ED008B1B77 /* BackgroundView.swift in Sources */ = {isa = PBXBuildFile; fileRef = 55870370294881ED008B1B77 /* BackgroundView.swift */; };
/* End PBXBuildFile section */

/* Begin PBXFileReference section */
		55870357294795B8008B1B77 /* ColorizedAppSwiftUI.app */ = {isa = PBXFileReference; explicitFileType = wrapper.application; includeInIndex = 0; path = ColorizedAppSwiftUI.app; sourceTree = BUILT_PRODUCTS_DIR; };
		5587035A294795B8008B1B77 /* ColorizedAppSwiftUIApp.swift */ = {isa = PBXFileReference; lastKnownFileType = sourcecode.swift; path = ColorizedAppSwiftUIApp.swift; sourceTree = "<group>"; };
		5587035C294795B8008B1B77 /* ColorizedView.swift */ = {isa = PBXFileReference; lastKnownFileType = sourcecode.swift; path = ColorizedView.swift; sourceTree = "<group>"; };
		5587035E294795BC008B1B77 /* Assets.xcassets */ = {isa = PBXFileReference; lastKnownFileType = folder.assetcatalog; path = Assets.xcassets; sourceTree = "<group>"; };
		55870361294795BC008B1B77 /* Preview Assets.xcassets */ = {isa = PBXFileReference; lastKnownFileType = folder.assetcatalog; path = "Preview Assets.xcassets"; sourceTree = "<group>"; };
		5587036829479638008B1B77 /* SliderView.swift */ = {isa = PBXFileReference; lastKnownFileType = sourcecode.swift; path = SliderView.swift; sourceTree = "<group>"; };
		5587036A29479F00008B1B77 /* TextValueView.swift */ = {isa = PBXFileReference; lastKnownFileType = sourcecode.swift; path = TextValueView.swift; sourceTree = "<group>"; };
		5587036C2947A02A008B1B77 /* TextFieldView.swift */ = {isa = PBXFileReference; lastKnownFileType = sourcecode.swift; path = TextFieldView.swift; sourceTree = "<group>"; };
		5587036E29487CE6008B1B77 /* ColorView.swift */ = {isa = PBXFileReference; lastKnownFileType = sourcecode.swift; path = ColorView.swift; sourceTree = "<group>"; };
		55870370294881ED008B1B77 /* BackgroundView.swift */ = {isa = PBXFileReference; lastKnownFileType = sourcecode.swift; path = BackgroundView.swift; sourceTree = "<group>"; };
/* End PBXFileReference section */

/* Begin PBXFrameworksBuildPhase section */
		55870354294795B8008B1B77 /* Frameworks */ = {
			isa = PBXFrameworksBuildPhase;
			buildActionMask = 2147483647;
			files = (
			);
			runOnlyForDeploymentPostprocessing = 0;
		};
/* End PBXFrameworksBuildPhase section */

/* Begin PBXGroup section */
		5587034E294795B7008B1B77 = {
			isa = PBXGroup;
			children = (
				55870359294795B8008B1B77 /* ColorizedAppSwiftUI */,
				55870358294795B8008B1B77 /* Products */,
			);
			sourceTree = "<group>";
		};
		55870358294795B8008B1B77 /* Products */ = {
			isa = PBXGroup;
			children = (
				55870357294795B8008B1B77 /* ColorizedAppSwiftUI.app */,
			);
			name = Products;
			sourceTree = "<group>";
		};
		55870359294795B8008B1B77 /* ColorizedAppSwiftUI */ = {
			isa = PBXGroup;
			children = (
				5587035A294795B8008B1B77 /* ColorizedAppSwiftUIApp.swift */,
				5587035C294795B8008B1B77 /* ColorizedView.swift */,
				5587036E29487CE6008B1B77 /* ColorView.swift */,
				5587036A29479F00008B1B77 /* TextValueView.swift */,
				5587036829479638008B1B77 /* SliderView.swift */,
				5587036C2947A02A008B1B77 /* TextFieldView.swift */,
				55870370294881ED008B1B77 /* BackgroundView.swift */,
				5587035E294795BC008B1B77 /* Assets.xcassets */,
				55870360294795BC008B1B77 /* Preview Content */,
			);
			path = ColorizedAppSwiftUI;
			sourceTree = "<group>";
		};
		55870360294795BC008B1B77 /* Preview Content */ = {
			isa = PBXGroup;
			children = (
				55870361294795BC008B1B77 /* Preview Assets.xcassets */,
			);
			path = "Preview Content";
			sourceTree = "<group>";
		};
/* End PBXGroup section */

/* Begin PBXNativeTarget section */
		55870356294795B8008B1B77 /* ColorizedAppSwiftUI */ = {
			isa = PBXNativeTarget;
			buildConfigurationList = 55870365294795BC008B1B77 /* Build configuration list for PBXNativeTarget "ColorizedAppSwiftUI" */;
			buildPhases = (
				55870353294795B8008B1B77 /* Sources */,
				55870354294795B8008B1B77 /* Frameworks */,
				55870355294795B8008B1B77 /* Resources */,
			);
			buildRules = (
			);
			dependencies = (
			);
			name = ColorizedAppSwiftUI;
			productName = ColorizedAppSwiftUI;
			productReference = 55870357294795B8008B1B77 /* ColorizedAppSwiftUI.app */;
			productType = "com.apple.product-type.application";
		};
/* End PBXNativeTarget section */

/* Begin PBXProject section */
		5587034F294795B7008B1B77 /* Project object */ = {
			isa = PBXProject;
			attributes = {
				BuildIndependentTargetsInParallel = 1;
				LastSwiftUpdateCheck = 1410;
				LastUpgradeCheck = 1410;
				TargetAttributes = {
					55870356294795B8008B1B77 = {
						CreatedOnToolsVersion = 14.1;
					};
				};
			};
			buildConfigurationList = 55870352294795B7008B1B77 /* Build configuration list for PBXProject "ColorizedAppSwiftUI" */;
			compatibilityVersion = "Xcode 14.0";
			developmentRegion = en;
			hasScannedForEncodings = 0;
			knownRegions = (
				en,
				Base,
			);
			mainGroup = 5587034E294795B7008B1B77;
			productRefGroup = 55870358294795B8008B1B77 /* Products */;
			projectDirPath = "";
			projectRoot = "";
			targets = (
				55870356294795B8008B1B77 /* ColorizedAppSwiftUI */,
			);
		};
/* End PBXProject section */

/* Begin PBXResourcesBuildPhase section */
		55870355294795B8008B1B77 /* Resources */ = {
			isa = PBXResourcesBuildPhase;
			buildActionMask = 2147483647;
			files = (
				55870362294795BC008B1B77 /* Preview Assets.xcassets in Resources */,
				5587035F294795BC008B1B77 /* Assets.xcassets in Resources */,
			);
			runOnlyForDeploymentPostprocessing = 0;
		};
/* End PBXResourcesBuildPhase section */

/* Begin PBXSourcesBuildPhase section */
		55870353294795B8008B1B77 /* Sources */ = {
			isa = PBXSourcesBuildPhase;
			buildActionMask = 2147483647;
			files = (
				5587036F29487CE6008B1B77 /* ColorView.swift in Sources */,
				5587036929479638008B1B77 /* SliderView.swift in Sources */,
				5587036D2947A02A008B1B77 /* TextFieldView.swift in Sources */,
				55870371294881ED008B1B77 /* BackgroundView.swift in Sources */,
				5587035D294795B8008B1B77 /* ColorizedView.swift in Sources */,
				5587035B294795B8008B1B77 /* ColorizedAppSwiftUIApp.swift in Sources */,
				5587036B29479F00008B1B77 /* TextValueView.swift in Sources */,
			);
			runOnlyForDeploymentPostprocessing = 0;
		};
/* End PBXSourcesBuildPhase section */

/* Begin XCBuildConfiguration section */
		55870363294795BC008B1B77 /* Debug */ = {
			isa = XCBuildConfiguration;
			buildSettings = {
				ALWAYS_SEARCH_USER_PATHS = NO;
				CLANG_ANALYZER_NONNULL = YES;
				CLANG_ANALYZER_NUMBER_OBJECT_CONVERSION = YES_AGGRESSIVE;
				CLANG_CXX_LANGUAGE_STANDARD = "gnu++20";
				CLANG_ENABLE_MODULES = YES;
				CLANG_ENABLE_OBJC_ARC = YES;
				CLANG_ENABLE_OBJC_WEAK = YES;
				CLANG_WARN_BLOCK_CAPTURE_AUTORELEASING = YES;
				CLANG_WARN_BOOL_CONVERSION = YES;
				CLANG_WARN_COMMA = YES;
				CLANG_WARN_CONSTANT_CONVERSION = YES;
				CLANG_WARN_DEPRECATED_OBJC_IMPLEMENTATIONS = YES;
				CLANG_WARN_DIRECT_OBJC_ISA_USAGE = YES_ERROR;
				CLANG_WARN_DOCUMENTATION_COMMENTS = YES;
				CLANG_WARN_EMPTY_BODY = YES;
				CLANG_WARN_ENUM_CONVERSION = YES;
				CLANG_WARN_INFINITE_RECURSION = YES;
				CLANG_WARN_INT_CONVERSION = YES;
				CLANG_WARN_NON_LITERAL_NULL_CONVERSION = YES;
				CLANG_WARN_OBJC_IMPLICIT_RETAIN_SELF = YES;
				CLANG_WARN_OBJC_LITERAL_CONVERSION = YES;
				CLANG_WARN_OBJC_ROOT_CLASS = YES_ERROR;
				CLANG_WARN_QUOTED_INCLUDE_IN_FRAMEWORK_HEADER = YES;
				CLANG_WARN_RANGE_LOOP_ANALYSIS = YES;
				CLANG_WARN_STRICT_PROTOTYPES = YES;
				CLANG_WARN_SUSPICIOUS_MOVE = YES;
				CLANG_WARN_UNGUARDED_AVAILABILITY = YES_AGGRESSIVE;
				CLANG_WARN_UNREACHABLE_CODE = YES;
				CLANG_WARN__DUPLICATE_METHOD_MATCH = YES;
				COPY_PHASE_STRIP = NO;
				DEBUG_INFORMATION_FORMAT = dwarf;
				ENABLE_STRICT_OBJC_MSGSEND = YES;
				ENABLE_TESTABILITY = YES;
				GCC_C_LANGUAGE_STANDARD = gnu11;
				GCC_DYNAMIC_NO_PIC = NO;
				GCC_NO_COMMON_BLOCKS = YES;
				GCC_OPTIMIZATION_LEVEL = 0;
				GCC_PREPROCESSOR_DEFINITIONS = (
					"DEBUG=1",
					"$(inherited)",
				);
				GCC_WARN_64_TO_32_BIT_CONVERSION = YES;
				GCC_WARN_ABOUT_RETURN_TYPE = YES_ERROR;
				GCC_WARN_UNDECLARED_SELECTOR = YES;
				GCC_WARN_UNINITIALIZED_AUTOS = YES_AGGRESSIVE;
				GCC_WARN_UNUSED_FUNCTION = YES;
				GCC_WARN_UNUSED_VARIABLE = YES;
				IPHONEOS_DEPLOYMENT_TARGET = 16.1;
				MTL_ENABLE_DEBUG_INFO = INCLUDE_SOURCE;
				MTL_FAST_MATH = YES;
				ONLY_ACTIVE_ARCH = YES;
				SDKROOT = iphoneos;
				SWIFT_ACTIVE_COMPILATION_CONDITIONS = DEBUG;
				SWIFT_OPTIMIZATION_LEVEL = "-Onone";
			};
			name = Debug;
		};
		55870364294795BC008B1B77 /* Release */ = {
			isa = XCBuildConfiguration;
			buildSettings = {
				ALWAYS_SEARCH_USER_PATHS = NO;
				CLANG_ANALYZER_NONNULL = YES;
				CLANG_ANALYZER_NUMBER_OBJECT_CONVERSION = YES_AGGRESSIVE;
				CLANG_CXX_LANGUAGE_STANDARD = "gnu++20";
				CLANG_ENABLE_MODULES = YES;
				CLANG_ENABLE_OBJC_ARC = YES;
				CLANG_ENABLE_OBJC_WEAK = YES;
				CLANG_WARN_BLOCK_CAPTURE_AUTORELEASING = YES;
				CLANG_WARN_BOOL_CONVERSION = YES;
				CLANG_WARN_COMMA = YES;
				CLANG_WARN_CONSTANT_CONVERSION = YES;
				CLANG_WARN_DEPRECATED_OBJC_IMPLEMENTATIONS = YES;
				CLANG_WARN_DIRECT_OBJC_ISA_USAGE = YES_ERROR;
				CLANG_WARN_DOCUMENTATION_COMMENTS = YES;
				CLANG_WARN_EMPTY_BODY = YES;
				CLANG_WARN_ENUM_CONVERSION = YES;
				CLANG_WARN_INFINITE_RECURSION = YES;
				CLANG_WARN_INT_CONVERSION = YES;
				CLANG_WARN_NON_LITERAL_NULL_CONVERSION = YES;
				CLANG_WARN_OBJC_IMPLICIT_RETAIN_SELF = YES;
				CLANG_WARN_OBJC_LITERAL_CONVERSION = YES;
				CLANG_WARN_OBJC_ROOT_CLASS = YES_ERROR;
				CLANG_WARN_QUOTED_INCLUDE_IN_FRAMEWORK_HEADER = YES;
				CLANG_WARN_RANGE_LOOP_ANALYSIS = YES;
				CLANG_WARN_STRICT_PROTOTYPES = YES;
				CLANG_WARN_SUSPICIOUS_MOVE = YES;
				CLANG_WARN_UNGUARDED_AVAILABILITY = YES_AGGRESSIVE;
				CLANG_WARN_UNREACHABLE_CODE = YES;
				CLANG_WARN__DUPLICATE_METHOD_MATCH = YES;
				COPY_PHASE_STRIP = NO;
				DEBUG_INFORMATION_FORMAT = "dwarf-with-dsym";
				ENABLE_NS_ASSERTIONS = NO;
				ENABLE_STRICT_OBJC_MSGSEND = YES;
				GCC_C_LANGUAGE_STANDARD = gnu11;
				GCC_NO_COMMON_BLOCKS = YES;
				GCC_WARN_64_TO_32_BIT_CONVERSION = YES;
				GCC_WARN_ABOUT_RETURN_TYPE = YES_ERROR;
				GCC_WARN_UNDECLARED_SELECTOR = YES;
				GCC_WARN_UNINITIALIZED_AUTOS = YES_AGGRESSIVE;
				GCC_WARN_UNUSED_FUNCTION = YES;
				GCC_WARN_UNUSED_VARIABLE = YES;
				IPHONEOS_DEPLOYMENT_TARGET = 16.1;
				MTL_ENABLE_DEBUG_INFO = NO;
				MTL_FAST_MATH = YES;
				SDKROOT = iphoneos;
				SWIFT_COMPILATION_MODE = wholemodule;
				SWIFT_OPTIMIZATION_LEVEL = "-O";
				VALIDATE_PRODUCT = YES;
			};
			name = Release;
		};
		55870366294795BC008B1B77 /* Debug */ = {
			isa = XCBuildConfiguration;
			buildSettings = {
				ASSETCATALOG_COMPILER_APPICON_NAME = AppIcon;
				ASSETCATALOG_COMPILER_GLOBAL_ACCENT_COLOR_NAME = AccentColor;
				CODE_SIGN_STYLE = Automatic;
				CURRENT_PROJECT_VERSION = 1;
				DEVELOPMENT_ASSET_PATHS = "\"ColorizedAppSwiftUI/Preview Content\"";
				DEVELOPMENT_TEAM = 4KRJ9XKH55;
				ENABLE_PREVIEWS = YES;
				GENERATE_INFOPLIST_FILE = YES;
				INFOPLIST_KEY_UIApplicationSceneManifest_Generation = YES;
				INFOPLIST_KEY_UIApplicationSupportsIndirectInputEvents = YES;
				INFOPLIST_KEY_UILaunchScreen_Generation = YES;
				INFOPLIST_KEY_UISupportedInterfaceOrientations = UIInterfaceOrientationPortrait;
				INFOPLIST_KEY_UISupportedInterfaceOrientations_iPad = "UIInterfaceOrientationLandscapeLeft UIInterfaceOrientationLandscapeRight UIInterfaceOrientationPortraitUpsideDown";
				LD_RUNPATH_SEARCH_PATHS = (
					"$(inherited)",
					"@executable_path/Frameworks",
				);
				MARKETING_VERSION = 1.0;
				PRODUCT_BUNDLE_IDENTIFIER = ru.AndreyAbakumov.ColorizedAppSwiftUI;
				PRODUCT_NAME = "$(TARGET_NAME)";
				SUPPORTED_PLATFORMS = "iphoneos iphonesimulator";
				SUPPORTS_MACCATALYST = NO;
				SUPPORTS_MAC_DESIGNED_FOR_IPHONE_IPAD = NO;
				SWIFT_EMIT_LOC_STRINGS = YES;
				SWIFT_VERSION = 5.0;
				TARGETED_DEVICE_FAMILY = 1;
			};
			name = Debug;
		};
		55870367294795BC008B1B77 /* Release */ = {
			isa = XCBuildConfiguration;
			buildSettings = {
				ASSETCATALOG_COMPILER_APPICON_NAME = AppIcon;
				ASSETCATALOG_COMPILER_GLOBAL_ACCENT_COLOR_NAME = AccentColor;
				CODE_SIGN_STYLE = Automatic;
				CURRENT_PROJECT_VERSION = 1;
				DEVELOPMENT_ASSET_PATHS = "\"ColorizedAppSwiftUI/Preview Content\"";
				DEVELOPMENT_TEAM = 4KRJ9XKH55;
				ENABLE_PREVIEWS = YES;
				GENERATE_INFOPLIST_FILE = YES;
				INFOPLIST_KEY_UIApplicationSceneManifest_Generation = YES;
				INFOPLIST_KEY_UIApplicationSupportsIndirectInputEvents = YES;
				INFOPLIST_KEY_UILaunchScreen_Generation = YES;
				INFOPLIST_KEY_UISupportedInterfaceOrientations = UIInterfaceOrientationPortrait;
				INFOPLIST_KEY_UISupportedInterfaceOrientations_iPad = "UIInterfaceOrientationLandscapeLeft UIInterfaceOrientationLandscapeRight UIInterfaceOrientationPortraitUpsideDown";
				LD_RUNPATH_SEARCH_PATHS = (
					"$(inherited)",
					"@executable_path/Frameworks",
				);
				MARKETING_VERSION = 1.0;
				PRODUCT_BUNDLE_IDENTIFIER = ru.AndreyAbakumov.ColorizedAppSwiftUI;
				PRODUCT_NAME = "$(TARGET_NAME)";
				SUPPORTED_PLATFORMS = "iphoneos iphonesimulator";
				SUPPORTS_MACCATALYST = NO;
				SUPPORTS_MAC_DESIGNED_FOR_IPHONE_IPAD = NO;
				SWIFT_EMIT_LOC_STRINGS = YES;
				SWIFT_VERSION = 5.0;
				TARGETED_DEVICE_FAMILY = 1;
			};
			name = Release;
		};
/* End XCBuildConfiguration section */

/* Begin XCConfigurationList section */
		55870352294795B7008B1B77 /* Build configuration list for PBXProject "ColorizedAppSwiftUI" */ = {
			isa = XCConfigurationList;
			buildConfigurations = (
				55870363294795BC008B1B77 /* Debug */,
				55870364294795BC008B1B77 /* Release */,
			);
			defaultConfigurationIsVisible = 0;
			defaultConfigurationName = Release;
		};
		55870365294795BC008B1B77 /* Build configuration list for PBXNativeTarget "ColorizedAppSwiftUI" */ = {
			isa = XCConfigurationList;
			buildConfigurations = (
				55870366294795BC008B1B77 /* Debug */,
				55870367294795BC008B1B77 /* Release */,
			);
			defaultConfigurationIsVisible = 0;
			defaultConfigurationName = Release;
		};
/* End XCConfigurationList section */
	};
	rootObject = 5587034F294795B7008B1B77 /* Project object */;
}
